
Microsoft Visual Studio Solution File, Format Version 12.00
# Visual Studio Version 16
VisualStudioVersion = 16.0.30804.86
MinimumVisualStudioVersion = 10.0.40219.1
Project("{9A19103F-16F7-4668-BE54-9A1E7A4F7556}") = "blazing-IT.Components", "blazing-IT.Components\blazing-IT.Components.csproj", "{430808B9-3FBD-4AD5-984D-2A4B4C041B0D}"
EndProject
Project("{FAE04EC0-301F-11D3-BF4B-00C04F79EFBC}") = "blazing-IT.Tests.Components", "blazing-IT.Tests.Components\blazing-IT.Tests.Components.csproj", "{F39774ED-E949-4292-B658-D02364E0CD68}"
EndProject
Global
	GlobalSection(SolutionConfigurationPlatforms) = preSolution
		Debug|Any CPU = Debug|Any CPU
		Release|Any CPU = Release|Any CPU
	EndGlobalSection
	GlobalSection(ProjectConfigurationPlatforms) = postSolution
		{430808B9-3FBD-4AD5-984D-2A4B4C041B0D}.Debug|Any CPU.ActiveCfg = Debug|Any CPU
		{430808B9-3FBD-4AD5-984D-2A4B4C041B0D}.Debug|Any CPU.Build.0 = Debug|Any CPU
		{430808B9-3FBD-4AD5-984D-2A4B4C041B0D}.Release|Any CPU.ActiveCfg = Release|Any CPU
		{430808B9-3FBD-4AD5-984D-2A4B4C041B0D}.Release|Any CPU.Build.0 = Release|Any CPU
		{F39774ED-E949-4292-B658-D02364E0CD68}.Debug|Any CPU.ActiveCfg = Debug|Any CPU
		{F39774ED-E949-4292-B658-D02364E0CD68}.Debug|Any CPU.Build.0 = Debug|Any CPU
		{F39774ED-E949-4292-B658-D02364E0CD68}.Release|Any CPU.ActiveCfg = Release|Any CPU
		{F39774ED-E949-4292-B658-D02364E0CD68}.Release|Any CPU.Build.0 = Release|Any CPU
	EndGlobalSection
	GlobalSection(SolutionProperties) = preSolution
		HideSolutionNode = FALSE
	EndGlobalSection
	GlobalSection(ExtensibilityGlobals) = postSolution
		SolutionGuid = {9EE8CBF3-E0D2-4D1B-8EA6-7FE3AFC0602D}
	EndGlobalSection
EndGlobal
